
Microsoft Visual Studio Solution File, Format Version 12.00
# Visual Studio 15
VisualStudioVersion = 15.0.27130.2036
MinimumVisualStudioVersion = 10.0.40219.1
Project("{FAE04EC0-301F-11D3-BF4B-00C04F79EFBC}") = "AOI", "AOI\AOI.csproj", "{43A4E9F0-6761-45E9-A848-42D7A3AB348C}"
EndProject
Global
	GlobalSection(SolutionConfigurationPlatforms) = preSolution
		Debug|Any CPU = Debug|Any CPU
		Release|Any CPU = Release|Any CPU
	EndGlobalSection
	GlobalSection(ProjectConfigurationPlatforms) = postSolution
		{43A4E9F0-6761-45E9-A848-42D7A3AB348C}.Debug|Any CPU.ActiveCfg = Debug|Any CPU
		{43A4E9F0-6761-45E9-A848-42D7A3AB348C}.Debug|Any CPU.Build.0 = Debug|Any CPU
		{43A4E9F0-6761-45E9-A848-42D7A3AB348C}.Release|Any CPU.ActiveCfg = Release|Any CPU
		{43A4E9F0-6761-45E9-A848-42D7A3AB348C}.Release|Any CPU.Build.0 = Release|Any CPU
	EndGlobalSection
	GlobalSection(SolutionProperties) = preSolution
		HideSolutionNode = FALSE
	EndGlobalSection
	GlobalSection(ExtensibilityGlobals) = postSolution
		SolutionGuid = {2B9AAF77-9B37-43CF-8321-85E185A77299}
	EndGlobalSection
EndGlobal
